// !$*UTF8*$!
{
	archiveVersion = 1;
	classes = {
	};
	objectVersion = 52;
	objects = {

/* Begin PBXBuildFile section */
		942CF685249EE9920048AA03 /* Extensions+TestHelper.swift in Sources */ = {isa = PBXBuildFile; fileRef = 94E8B501247F19C100586FA6 /* Extensions+TestHelper.swift */; };
		942CF687249EED580048AA03 /* LoadingView.swift in Sources */ = {isa = PBXBuildFile; fileRef = 942CF686249EED580048AA03 /* LoadingView.swift */; };
		942F42BB2476105F003FD0B1 /* RemoteAddAccountTest.swift in Sources */ = {isa = PBXBuildFile; fileRef = 942F42BA2476105F003FD0B1 /* RemoteAddAccountTest.swift */; };
		943EF4E724A6B3E200604970 /* SignUpViewModel.swift in Sources */ = {isa = PBXBuildFile; fileRef = 943EF4E624A6B3E200604970 /* SignUpViewModel.swift */; };
		943EF4EA24A6B47B00604970 /* SignupMapper.swift in Sources */ = {isa = PBXBuildFile; fileRef = 943EF4E924A6B47B00604970 /* SignupMapper.swift */; };
		943EF4ED24A6BA3C00604970 /* AlertViewSpy.swift in Sources */ = {isa = PBXBuildFile; fileRef = 943EF4EC24A6BA3C00604970 /* AlertViewSpy.swift */; };
		943EF4EE24A6BA7200604970 /* AlertView.swift in Sources */ = {isa = PBXBuildFile; fileRef = 9447D592248BF49A00A054D2 /* AlertView.swift */; };
		943EF4F224A6BC2800604970 /* EmailValidatorSpy.swift in Sources */ = {isa = PBXBuildFile; fileRef = 943EF4F124A6BC2800604970 /* EmailValidatorSpy.swift */; };
		943EF4F324A6BD0800604970 /* SignUpPresenter.swift in Sources */ = {isa = PBXBuildFile; fileRef = 9447D583248BF31400A054D2 /* SignUpPresenter.swift */; };
		943EF4F424A6BE0400604970 /* SignUpPresenter.swift in Sources */ = {isa = PBXBuildFile; fileRef = 9447D583248BF31400A054D2 /* SignUpPresenter.swift */; };
		943EF4F524A6BE4200604970 /* LoadingView.swift in Sources */ = {isa = PBXBuildFile; fileRef = 942CF686249EED580048AA03 /* LoadingView.swift */; };
		943EF4F624A6BE5000604970 /* SignupMapper.swift in Sources */ = {isa = PBXBuildFile; fileRef = 943EF4E924A6B47B00604970 /* SignupMapper.swift */; };
		943EF4F724A6BE5E00604970 /* SignUpViewModel.swift in Sources */ = {isa = PBXBuildFile; fileRef = 943EF4E624A6B3E200604970 /* SignUpViewModel.swift */; };
		943EF4F824A6BE6E00604970 /* EmailValidators.swift in Sources */ = {isa = PBXBuildFile; fileRef = 9447D599248E18BF00A054D2 /* EmailValidators.swift */; };
		9447D585248BF35800A054D2 /* Domain.framework in Frameworks */ = {isa = PBXBuildFile; fileRef = 948219DF246D87190002226E /* Domain.framework */; };
		9447D586248BF35800A054D2 /* Domain.framework in Embed Frameworks */ = {isa = PBXBuildFile; fileRef = 948219DF246D87190002226E /* Domain.framework */; settings = {ATTRIBUTES = (CodeSignOnCopy, RemoveHeadersOnCopy, ); }; };
		9447D593248BF49A00A054D2 /* AlertView.swift in Sources */ = {isa = PBXBuildFile; fileRef = 9447D592248BF49A00A054D2 /* AlertView.swift */; };
		9447D59A248E18BF00A054D2 /* EmailValidators.swift in Sources */ = {isa = PBXBuildFile; fileRef = 9447D599248E18BF00A054D2 /* EmailValidators.swift */; };
		9447D5A22495480300A054D2 /* AccountModelFactory.swift in Sources */ = {isa = PBXBuildFile; fileRef = 94E8B507247F1B0100586FA6 /* AccountModelFactory.swift */; };
		94545A662484842900B3EBC1 /* AddAccountIntegrationTests.swift in Sources */ = {isa = PBXBuildFile; fileRef = 94545A652484842900B3EBC1 /* AddAccountIntegrationTests.swift */; };
		94545A682484842900B3EBC1 /* Data.framework in Frameworks */ = {isa = PBXBuildFile; fileRef = 94821A35246D8AD80002226E /* Data.framework */; };
		94545A722484851E00B3EBC1 /* AddAccountIntegrationTests.swift in Sources */ = {isa = PBXBuildFile; fileRef = 94545A652484842900B3EBC1 /* AddAccountIntegrationTests.swift */; };
		946048832479C1AA0075EFE3 /* Model.swift in Sources */ = {isa = PBXBuildFile; fileRef = 946048822479C1AA0075EFE3 /* Model.swift */; };
		946048852479C3290075EFE3 /* RemoteAddAccount.swift in Sources */ = {isa = PBXBuildFile; fileRef = 946048842479C3290075EFE3 /* RemoteAddAccount.swift */; };
		946048892479C4040075EFE3 /* HttpPostClient.swift in Sources */ = {isa = PBXBuildFile; fileRef = 946048882479C4040075EFE3 /* HttpPostClient.swift */; };
		946048962479CBF00075EFE3 /* DomainError.swift in Sources */ = {isa = PBXBuildFile; fileRef = 946048952479CBF00075EFE3 /* DomainError.swift */; };
		946048992479CFD20075EFE3 /* HttpErrors.swift in Sources */ = {isa = PBXBuildFile; fileRef = 946048982479CFD20075EFE3 /* HttpErrors.swift */; };
		948219E8246D87B90002226E /* AddAccount.swift in Sources */ = {isa = PBXBuildFile; fileRef = 948219E7246D87B90002226E /* AddAccount.swift */; };
		948219EA246D89450002226E /* AccountModel.swift in Sources */ = {isa = PBXBuildFile; fileRef = 948219E9246D89450002226E /* AccountModel.swift */; };
		94821A3E246D8AD80002226E /* Data.framework in Frameworks */ = {isa = PBXBuildFile; fileRef = 94821A35246D8AD80002226E /* Data.framework */; };
		94821A4D246D8B040002226E /* Domain.framework in Frameworks */ = {isa = PBXBuildFile; fileRef = 948219DF246D87190002226E /* Domain.framework */; };
		94821A4E246D8B040002226E /* Domain.framework in Embed Frameworks */ = {isa = PBXBuildFile; fileRef = 948219DF246D87190002226E /* Domain.framework */; settings = {ATTRIBUTES = (CodeSignOnCopy, RemoveHeadersOnCopy, ); }; };
		94AE5578248B2DB600E4FA4B /* Presentation.framework in Frameworks */ = {isa = PBXBuildFile; fileRef = 94AE556F248B2DB600E4FA4B /* Presentation.framework */; };
		94AE557D248B2DB600E4FA4B /* SignupPresenterTests.swift in Sources */ = {isa = PBXBuildFile; fileRef = 94AE557C248B2DB600E4FA4B /* SignupPresenterTests.swift */; };
		94CE960B24A6C90600E4109D /* AddAccountSpy.swift in Sources */ = {isa = PBXBuildFile; fileRef = 94CE960A24A6C90600E4109D /* AddAccountSpy.swift */; };
		94CE960D24A6C9AC00E4109D /* LoadingViewSpy.swift in Sources */ = {isa = PBXBuildFile; fileRef = 94CE960C24A6C9AC00E4109D /* LoadingViewSpy.swift */; };
		94CE961124A6CA9100E4109D /* TestFactories.swift in Sources */ = {isa = PBXBuildFile; fileRef = 94CE961024A6CA9100E4109D /* TestFactories.swift */; };
		94E8B4EE247C3AC800586FA6 /* Data+Extensions.swift in Sources */ = {isa = PBXBuildFile; fileRef = 94E8B4ED247C3AC800586FA6 /* Data+Extensions.swift */; };
		94E8B502247F19C100586FA6 /* Extensions+TestHelper.swift in Sources */ = {isa = PBXBuildFile; fileRef = 94E8B501247F19C100586FA6 /* Extensions+TestHelper.swift */; };
		94E8B504247F1A1700586FA6 /* GenericHelpers.swift in Sources */ = {isa = PBXBuildFile; fileRef = 94E8B503247F1A1700586FA6 /* GenericHelpers.swift */; };
		94E8B506247F1A8400586FA6 /* HttpClientSpy.swift in Sources */ = {isa = PBXBuildFile; fileRef = 94E8B505247F1A8400586FA6 /* HttpClientSpy.swift */; };
		94E8B508247F1B0100586FA6 /* AccountModelFactory.swift in Sources */ = {isa = PBXBuildFile; fileRef = 94E8B507247F1B0100586FA6 /* AccountModelFactory.swift */; };
		94E8B518247F232000586FA6 /* Infrastructure.framework in Frameworks */ = {isa = PBXBuildFile; fileRef = 94E8B50F247F232000586FA6 /* Infrastructure.framework */; };
		94E8B51D247F232000586FA6 /* AlamofireAdapterTests.swift in Sources */ = {isa = PBXBuildFile; fileRef = 94E8B51C247F232000586FA6 /* AlamofireAdapterTests.swift */; };
		94E8B52A247F265000586FA6 /* Data.framework in Frameworks */ = {isa = PBXBuildFile; fileRef = 94821A35246D8AD80002226E /* Data.framework */; };
		94E8B52B247F265000586FA6 /* Data.framework in Embed Frameworks */ = {isa = PBXBuildFile; fileRef = 94821A35246D8AD80002226E /* Data.framework */; settings = {ATTRIBUTES = (CodeSignOnCopy, RemoveHeadersOnCopy, ); }; };
		94E8B52F247F268700586FA6 /* GenericHelpers.swift in Sources */ = {isa = PBXBuildFile; fileRef = 94E8B503247F1A1700586FA6 /* GenericHelpers.swift */; };
		94E8B530247F268F00586FA6 /* Extensions+TestHelper.swift in Sources */ = {isa = PBXBuildFile; fileRef = 94E8B501247F19C100586FA6 /* Extensions+TestHelper.swift */; };
		94E8B532247F269F00586FA6 /* HttpClientSpy.swift in Sources */ = {isa = PBXBuildFile; fileRef = 94E8B505247F1A8400586FA6 /* HttpClientSpy.swift */; };
		94E8B535247F288F00586FA6 /* Alamofire in Frameworks */ = {isa = PBXBuildFile; productRef = 94E8B534247F288F00586FA6 /* Alamofire */; };
		94E8B53824803BDF00586FA6 /* AlamofireAdapter.swift in Sources */ = {isa = PBXBuildFile; fileRef = 94E8B53724803BDF00586FA6 /* AlamofireAdapter.swift */; };
		94E8B53A248143C100586FA6 /* URLProtocolStub.swift in Sources */ = {isa = PBXBuildFile; fileRef = 94E8B539248143C100586FA6 /* URLProtocolStub.swift */; };
/* End PBXBuildFile section */

/* Begin PBXContainerItemProxy section */
		9447D587248BF35800A054D2 /* PBXContainerItemProxy */ = {
			isa = PBXContainerItemProxy;
			containerPortal = 948219C6246D86660002226E /* Project object */;
			proxyType = 1;
			remoteGlobalIDString = 948219DE246D87190002226E;
			remoteInfo = Domain;
		};
		94545A692484842900B3EBC1 /* PBXContainerItemProxy */ = {
			isa = PBXContainerItemProxy;
			containerPortal = 948219C6246D86660002226E /* Project object */;
			proxyType = 1;
			remoteGlobalIDString = 94821A34246D8AD80002226E;
			remoteInfo = Data;
		};
		94545A6E2484845B00B3EBC1 /* PBXContainerItemProxy */ = {
			isa = PBXContainerItemProxy;
			containerPortal = 948219C6246D86660002226E /* Project object */;
			proxyType = 1;
			remoteGlobalIDString = 948219DE246D87190002226E;
			remoteInfo = Domain;
		};
		94545A702484845B00B3EBC1 /* PBXContainerItemProxy */ = {
			isa = PBXContainerItemProxy;
			containerPortal = 948219C6246D86660002226E /* Project object */;
			proxyType = 1;
			remoteGlobalIDString = 94E8B50E247F232000586FA6;
			remoteInfo = Infrastructure;
		};
		94821A3F246D8AD80002226E /* PBXContainerItemProxy */ = {
			isa = PBXContainerItemProxy;
			containerPortal = 948219C6246D86660002226E /* Project object */;
			proxyType = 1;
			remoteGlobalIDString = 94821A34246D8AD80002226E;
			remoteInfo = Data;
		};
		94821A4F246D8B040002226E /* PBXContainerItemProxy */ = {
			isa = PBXContainerItemProxy;
			containerPortal = 948219C6246D86660002226E /* Project object */;
			proxyType = 1;
			remoteGlobalIDString = 948219DE246D87190002226E;
			remoteInfo = Domain;
		};
		94AE5579248B2DB600E4FA4B /* PBXContainerItemProxy */ = {
			isa = PBXContainerItemProxy;
			containerPortal = 948219C6246D86660002226E /* Project object */;
			proxyType = 1;
			remoteGlobalIDString = 94AE556E248B2DB600E4FA4B;
			remoteInfo = Presentation;
		};
		94E8B519247F232000586FA6 /* PBXContainerItemProxy */ = {
			isa = PBXContainerItemProxy;
			containerPortal = 948219C6246D86660002226E /* Project object */;
			proxyType = 1;
			remoteGlobalIDString = 94E8B50E247F232000586FA6;
			remoteInfo = Infrastructure;
		};
		94E8B52C247F265000586FA6 /* PBXContainerItemProxy */ = {
			isa = PBXContainerItemProxy;
			containerPortal = 948219C6246D86660002226E /* Project object */;
			proxyType = 1;
			remoteGlobalIDString = 94821A34246D8AD80002226E;
			remoteInfo = Data;
		};
/* End PBXContainerItemProxy section */

/* Begin PBXCopyFilesBuildPhase section */
		9447D589248BF35800A054D2 /* Embed Frameworks */ = {
			isa = PBXCopyFilesBuildPhase;
			buildActionMask = 2147483647;
			dstPath = "";
			dstSubfolderSpec = 10;
			files = (
				9447D586248BF35800A054D2 /* Domain.framework in Embed Frameworks */,
			);
			name = "Embed Frameworks";
			runOnlyForDeploymentPostprocessing = 0;
		};
		94821A51246D8B040002226E /* Embed Frameworks */ = {
			isa = PBXCopyFilesBuildPhase;
			buildActionMask = 2147483647;
			dstPath = "";
			dstSubfolderSpec = 10;
			files = (
				94821A4E246D8B040002226E /* Domain.framework in Embed Frameworks */,
			);
			name = "Embed Frameworks";
			runOnlyForDeploymentPostprocessing = 0;
		};
		94E8B52E247F265000586FA6 /* Embed Frameworks */ = {
			isa = PBXCopyFilesBuildPhase;
			buildActionMask = 2147483647;
			dstPath = "";
			dstSubfolderSpec = 10;
			files = (
				94E8B52B247F265000586FA6 /* Data.framework in Embed Frameworks */,
			);
			name = "Embed Frameworks";
			runOnlyForDeploymentPostprocessing = 0;
		};
/* End PBXCopyFilesBuildPhase section */

/* Begin PBXFileReference section */
		942CF686249EED580048AA03 /* LoadingView.swift */ = {isa = PBXFileReference; lastKnownFileType = sourcecode.swift; path = LoadingView.swift; sourceTree = "<group>"; };
		942F42BA2476105F003FD0B1 /* RemoteAddAccountTest.swift */ = {isa = PBXFileReference; lastKnownFileType = sourcecode.swift; path = RemoteAddAccountTest.swift; sourceTree = "<group>"; };
		943EF4E624A6B3E200604970 /* SignUpViewModel.swift */ = {isa = PBXFileReference; lastKnownFileType = sourcecode.swift; path = SignUpViewModel.swift; sourceTree = "<group>"; };
		943EF4E924A6B47B00604970 /* SignupMapper.swift */ = {isa = PBXFileReference; lastKnownFileType = sourcecode.swift; path = SignupMapper.swift; sourceTree = "<group>"; };
		943EF4EC24A6BA3C00604970 /* AlertViewSpy.swift */ = {isa = PBXFileReference; lastKnownFileType = sourcecode.swift; path = AlertViewSpy.swift; sourceTree = "<group>"; };
		943EF4F124A6BC2800604970 /* EmailValidatorSpy.swift */ = {isa = PBXFileReference; lastKnownFileType = sourcecode.swift; path = EmailValidatorSpy.swift; sourceTree = "<group>"; };
		9447D583248BF31400A054D2 /* SignUpPresenter.swift */ = {isa = PBXFileReference; lastKnownFileType = sourcecode.swift; path = SignUpPresenter.swift; sourceTree = "<group>"; };
		9447D592248BF49A00A054D2 /* AlertView.swift */ = {isa = PBXFileReference; lastKnownFileType = sourcecode.swift; path = AlertView.swift; sourceTree = "<group>"; };
		9447D599248E18BF00A054D2 /* EmailValidators.swift */ = {isa = PBXFileReference; lastKnownFileType = sourcecode.swift; path = EmailValidators.swift; sourceTree = "<group>"; };
		94545A632484842900B3EBC1 /* UseCasesIntegrationTests.xctest */ = {isa = PBXFileReference; explicitFileType = wrapper.cfbundle; includeInIndex = 0; path = UseCasesIntegrationTests.xctest; sourceTree = BUILT_PRODUCTS_DIR; };
		94545A652484842900B3EBC1 /* AddAccountIntegrationTests.swift */ = {isa = PBXFileReference; lastKnownFileType = sourcecode.swift; path = AddAccountIntegrationTests.swift; sourceTree = "<group>"; };
		94545A672484842900B3EBC1 /* Info.plist */ = {isa = PBXFileReference; lastKnownFileType = text.plist.xml; path = Info.plist; sourceTree = "<group>"; };
		946048822479C1AA0075EFE3 /* Model.swift */ = {isa = PBXFileReference; lastKnownFileType = sourcecode.swift; path = Model.swift; sourceTree = "<group>"; };
		946048842479C3290075EFE3 /* RemoteAddAccount.swift */ = {isa = PBXFileReference; lastKnownFileType = sourcecode.swift; path = RemoteAddAccount.swift; sourceTree = "<group>"; };
		946048882479C4040075EFE3 /* HttpPostClient.swift */ = {isa = PBXFileReference; lastKnownFileType = sourcecode.swift; path = HttpPostClient.swift; sourceTree = "<group>"; };
		946048952479CBF00075EFE3 /* DomainError.swift */ = {isa = PBXFileReference; lastKnownFileType = sourcecode.swift; path = DomainError.swift; sourceTree = "<group>"; };
		946048982479CFD20075EFE3 /* HttpErrors.swift */ = {isa = PBXFileReference; lastKnownFileType = sourcecode.swift; path = HttpErrors.swift; sourceTree = "<group>"; };
		948219DF246D87190002226E /* Domain.framework */ = {isa = PBXFileReference; explicitFileType = wrapper.framework; includeInIndex = 0; path = Domain.framework; sourceTree = BUILT_PRODUCTS_DIR; };
		948219E2246D87190002226E /* Info.plist */ = {isa = PBXFileReference; lastKnownFileType = text.plist.xml; path = Info.plist; sourceTree = "<group>"; };
		948219E7246D87B90002226E /* AddAccount.swift */ = {isa = PBXFileReference; lastKnownFileType = sourcecode.swift; path = AddAccount.swift; sourceTree = "<group>"; };
		948219E9246D89450002226E /* AccountModel.swift */ = {isa = PBXFileReference; lastKnownFileType = sourcecode.swift; path = AccountModel.swift; sourceTree = "<group>"; };
		94821A35246D8AD80002226E /* Data.framework */ = {isa = PBXFileReference; explicitFileType = wrapper.framework; includeInIndex = 0; path = Data.framework; sourceTree = BUILT_PRODUCTS_DIR; };
		94821A38246D8AD80002226E /* Info.plist */ = {isa = PBXFileReference; lastKnownFileType = text.plist.xml; path = Info.plist; sourceTree = "<group>"; };
		94821A3D246D8AD80002226E /* DataTests.xctest */ = {isa = PBXFileReference; explicitFileType = wrapper.cfbundle; includeInIndex = 0; path = DataTests.xctest; sourceTree = BUILT_PRODUCTS_DIR; };
		94821A44246D8AD80002226E /* Info.plist */ = {isa = PBXFileReference; lastKnownFileType = text.plist.xml; path = Info.plist; sourceTree = "<group>"; };
		94AE556F248B2DB600E4FA4B /* Presentation.framework */ = {isa = PBXFileReference; explicitFileType = wrapper.framework; includeInIndex = 0; path = Presentation.framework; sourceTree = BUILT_PRODUCTS_DIR; };
		94AE5572248B2DB600E4FA4B /* Info.plist */ = {isa = PBXFileReference; lastKnownFileType = text.plist.xml; path = Info.plist; sourceTree = "<group>"; };
		94AE5577248B2DB600E4FA4B /* PresentationTests.xctest */ = {isa = PBXFileReference; explicitFileType = wrapper.cfbundle; includeInIndex = 0; path = PresentationTests.xctest; sourceTree = BUILT_PRODUCTS_DIR; };
		94AE557C248B2DB600E4FA4B /* SignupPresenterTests.swift */ = {isa = PBXFileReference; lastKnownFileType = sourcecode.swift; path = SignupPresenterTests.swift; sourceTree = "<group>"; };
		94AE557E248B2DB600E4FA4B /* Info.plist */ = {isa = PBXFileReference; lastKnownFileType = text.plist.xml; path = Info.plist; sourceTree = "<group>"; };
		94CE960A24A6C90600E4109D /* AddAccountSpy.swift */ = {isa = PBXFileReference; lastKnownFileType = sourcecode.swift; path = AddAccountSpy.swift; sourceTree = "<group>"; };
		94CE960C24A6C9AC00E4109D /* LoadingViewSpy.swift */ = {isa = PBXFileReference; lastKnownFileType = sourcecode.swift; path = LoadingViewSpy.swift; sourceTree = "<group>"; };
		94CE961024A6CA9100E4109D /* TestFactories.swift */ = {isa = PBXFileReference; lastKnownFileType = sourcecode.swift; path = TestFactories.swift; sourceTree = "<group>"; };
		94E8B4ED247C3AC800586FA6 /* Data+Extensions.swift */ = {isa = PBXFileReference; lastKnownFileType = sourcecode.swift; path = "Data+Extensions.swift"; sourceTree = "<group>"; };
		94E8B501247F19C100586FA6 /* Extensions+TestHelper.swift */ = {isa = PBXFileReference; lastKnownFileType = sourcecode.swift; path = "Extensions+TestHelper.swift"; sourceTree = "<group>"; };
		94E8B503247F1A1700586FA6 /* GenericHelpers.swift */ = {isa = PBXFileReference; lastKnownFileType = sourcecode.swift; path = GenericHelpers.swift; sourceTree = "<group>"; };
		94E8B505247F1A8400586FA6 /* HttpClientSpy.swift */ = {isa = PBXFileReference; lastKnownFileType = sourcecode.swift; path = HttpClientSpy.swift; sourceTree = "<group>"; };
		94E8B507247F1B0100586FA6 /* AccountModelFactory.swift */ = {isa = PBXFileReference; lastKnownFileType = sourcecode.swift; path = AccountModelFactory.swift; sourceTree = "<group>"; };
		94E8B50F247F232000586FA6 /* Infrastructure.framework */ = {isa = PBXFileReference; explicitFileType = wrapper.framework; includeInIndex = 0; path = Infrastructure.framework; sourceTree = BUILT_PRODUCTS_DIR; };
		94E8B512247F232000586FA6 /* Info.plist */ = {isa = PBXFileReference; lastKnownFileType = text.plist.xml; path = Info.plist; sourceTree = "<group>"; };
		94E8B517247F232000586FA6 /* InfrastructureTests.xctest */ = {isa = PBXFileReference; explicitFileType = wrapper.cfbundle; includeInIndex = 0; path = InfrastructureTests.xctest; sourceTree = BUILT_PRODUCTS_DIR; };
		94E8B51C247F232000586FA6 /* AlamofireAdapterTests.swift */ = {isa = PBXFileReference; lastKnownFileType = sourcecode.swift; path = AlamofireAdapterTests.swift; sourceTree = "<group>"; };
		94E8B51E247F232000586FA6 /* Info.plist */ = {isa = PBXFileReference; lastKnownFileType = text.plist.xml; path = Info.plist; sourceTree = "<group>"; };
		94E8B53724803BDF00586FA6 /* AlamofireAdapter.swift */ = {isa = PBXFileReference; lastKnownFileType = sourcecode.swift; path = AlamofireAdapter.swift; sourceTree = "<group>"; };
		94E8B539248143C100586FA6 /* URLProtocolStub.swift */ = {isa = PBXFileReference; lastKnownFileType = sourcecode.swift; path = URLProtocolStub.swift; sourceTree = "<group>"; };
/* End PBXFileReference section */

/* Begin PBXFrameworksBuildPhase section */
		94545A602484842900B3EBC1 /* Frameworks */ = {
			isa = PBXFrameworksBuildPhase;
			buildActionMask = 2147483647;
			files = (
				94545A682484842900B3EBC1 /* Data.framework in Frameworks */,
			);
			runOnlyForDeploymentPostprocessing = 0;
		};
		948219DC246D87190002226E /* Frameworks */ = {
			isa = PBXFrameworksBuildPhase;
			buildActionMask = 2147483647;
			files = (
			);
			runOnlyForDeploymentPostprocessing = 0;
		};
		94821A32246D8AD80002226E /* Frameworks */ = {
			isa = PBXFrameworksBuildPhase;
			buildActionMask = 2147483647;
			files = (
				94821A4D246D8B040002226E /* Domain.framework in Frameworks */,
			);
			runOnlyForDeploymentPostprocessing = 0;
		};
		94821A3A246D8AD80002226E /* Frameworks */ = {
			isa = PBXFrameworksBuildPhase;
			buildActionMask = 2147483647;
			files = (
				94821A3E246D8AD80002226E /* Data.framework in Frameworks */,
			);
			runOnlyForDeploymentPostprocessing = 0;
		};
		94AE556C248B2DB600E4FA4B /* Frameworks */ = {
			isa = PBXFrameworksBuildPhase;
			buildActionMask = 2147483647;
			files = (
				9447D585248BF35800A054D2 /* Domain.framework in Frameworks */,
			);
			runOnlyForDeploymentPostprocessing = 0;
		};
		94AE5574248B2DB600E4FA4B /* Frameworks */ = {
			isa = PBXFrameworksBuildPhase;
			buildActionMask = 2147483647;
			files = (
				94AE5578248B2DB600E4FA4B /* Presentation.framework in Frameworks */,
			);
			runOnlyForDeploymentPostprocessing = 0;
		};
		94E8B50C247F232000586FA6 /* Frameworks */ = {
			isa = PBXFrameworksBuildPhase;
			buildActionMask = 2147483647;
			files = (
				94E8B52A247F265000586FA6 /* Data.framework in Frameworks */,
				94E8B535247F288F00586FA6 /* Alamofire in Frameworks */,
			);
			runOnlyForDeploymentPostprocessing = 0;
		};
		94E8B514247F232000586FA6 /* Frameworks */ = {
			isa = PBXFrameworksBuildPhase;
			buildActionMask = 2147483647;
			files = (
				94E8B518247F232000586FA6 /* Infrastructure.framework in Frameworks */,
			);
			runOnlyForDeploymentPostprocessing = 0;
		};
/* End PBXFrameworksBuildPhase section */

/* Begin PBXGroup section */
		943EF4E424A6B39300604970 /* SignUp */ = {
			isa = PBXGroup;
			children = (
				9447D583248BF31400A054D2 /* SignUpPresenter.swift */,
				943EF4E624A6B3E200604970 /* SignUpViewModel.swift */,
				943EF4E924A6B47B00604970 /* SignupMapper.swift */,
			);
			path = SignUp;
			sourceTree = "<group>";
		};
		943EF4EB24A6BA2500604970 /* Views */ = {
			isa = PBXGroup;
			children = (
				943EF4EC24A6BA3C00604970 /* AlertViewSpy.swift */,
				94CE960C24A6C9AC00E4109D /* LoadingViewSpy.swift */,
			);
			path = Views;
			sourceTree = "<group>";
		};
		9447D591248BF48D00A054D2 /* Views */ = {
			isa = PBXGroup;
			children = (
				9447D592248BF49A00A054D2 /* AlertView.swift */,
				942CF686249EED580048AA03 /* LoadingView.swift */,
			);
			path = Views;
			sourceTree = "<group>";
		};
		9447D594248BF50F00A054D2 /* Presenters */ = {
			isa = PBXGroup;
			children = (
				943EF4E424A6B39300604970 /* SignUp */,
			);
			path = Presenters;
			sourceTree = "<group>";
		};
		9447D596248BF9CC00A054D2 /* Presenters */ = {
			isa = PBXGroup;
			children = (
				94AE557C248B2DB600E4FA4B /* SignupPresenterTests.swift */,
			);
			path = Presenters;
			sourceTree = "<group>";
		};
		9447D598248E188000A054D2 /* Validators */ = {
			isa = PBXGroup;
			children = (
				9447D599248E18BF00A054D2 /* EmailValidators.swift */,
			);
			path = Validators;
			sourceTree = "<group>";
		};
		94545A642484842900B3EBC1 /* UseCasesIntegrationTests */ = {
			isa = PBXGroup;
			children = (
				94545A652484842900B3EBC1 /* AddAccountIntegrationTests.swift */,
				94545A672484842900B3EBC1 /* Info.plist */,
			);
			path = UseCasesIntegrationTests;
			sourceTree = "<group>";
		};
		9460488A2479C4B30075EFE3 /* UseCases */ = {
			isa = PBXGroup;
			children = (
				948219E7246D87B90002226E /* AddAccount.swift */,
			);
			path = UseCases;
			sourceTree = "<group>";
		};
		9460488B2479C4C00075EFE3 /* Models */ = {
			isa = PBXGroup;
			children = (
				948219E9246D89450002226E /* AccountModel.swift */,
				946048822479C1AA0075EFE3 /* Model.swift */,
			);
			path = Models;
			sourceTree = "<group>";
		};
		9460488C2479C4EF0075EFE3 /* Http */ = {
			isa = PBXGroup;
			children = (
				946048972479CFBC0075EFE3 /* HttpErrors */,
				946048882479C4040075EFE3 /* HttpPostClient.swift */,
			);
			path = Http;
			sourceTree = "<group>";
		};
		9460488D2479C50D0075EFE3 /* UseCases */ = {
			isa = PBXGroup;
			children = (
				946048842479C3290075EFE3 /* RemoteAddAccount.swift */,
			);
			path = UseCases;
			sourceTree = "<group>";
		};
		9460488E2479C5390075EFE3 /* TestsUseCases */ = {
			isa = PBXGroup;
			children = (
				942F42BA2476105F003FD0B1 /* RemoteAddAccountTest.swift */,
			);
			path = TestsUseCases;
			sourceTree = "<group>";
		};
		946048942479CBD50075EFE3 /* Error */ = {
			isa = PBXGroup;
			children = (
				946048952479CBF00075EFE3 /* DomainError.swift */,
			);
			path = Error;
			sourceTree = "<group>";
		};
		946048972479CFBC0075EFE3 /* HttpErrors */ = {
			isa = PBXGroup;
			children = (
				946048982479CFD20075EFE3 /* HttpErrors.swift */,
			);
			path = HttpErrors;
			sourceTree = "<group>";
		};
		948219C5246D86660002226E = {
			isa = PBXGroup;
			children = (
				948219E0246D87190002226E /* Domain */,
				94821A36246D8AD80002226E /* Data */,
				94821A41246D8AD80002226E /* DataTests */,
				94E8B510247F232000586FA6 /* Infrastructure */,
				94E8B51B247F232000586FA6 /* InfrastructureTests */,
				94AE5570248B2DB600E4FA4B /* Presentation */,
				94AE557B248B2DB600E4FA4B /* PresentationTests */,
				94545A642484842900B3EBC1 /* UseCasesIntegrationTests */,
				948219D0246D86660002226E /* Products */,
				94821A4C246D8B040002226E /* Frameworks */,
			);
			sourceTree = "<group>";
		};
		948219D0246D86660002226E /* Products */ = {
			isa = PBXGroup;
			children = (
				948219DF246D87190002226E /* Domain.framework */,
				94821A35246D8AD80002226E /* Data.framework */,
				94821A3D246D8AD80002226E /* DataTests.xctest */,
				94E8B50F247F232000586FA6 /* Infrastructure.framework */,
				94E8B517247F232000586FA6 /* InfrastructureTests.xctest */,
				94545A632484842900B3EBC1 /* UseCasesIntegrationTests.xctest */,
				94AE556F248B2DB600E4FA4B /* Presentation.framework */,
				94AE5577248B2DB600E4FA4B /* PresentationTests.xctest */,
			);
			name = Products;
			sourceTree = "<group>";
		};
		948219E0246D87190002226E /* Domain */ = {
			isa = PBXGroup;
			children = (
				946048942479CBD50075EFE3 /* Error */,
				9460488A2479C4B30075EFE3 /* UseCases */,
				9460488B2479C4C00075EFE3 /* Models */,
				948219E2246D87190002226E /* Info.plist */,
			);
			path = Domain;
			sourceTree = "<group>";
		};
		94821A36246D8AD80002226E /* Data */ = {
			isa = PBXGroup;
			children = (
				94E8B4EB247C3A7600586FA6 /* Helpers */,
				9460488D2479C50D0075EFE3 /* UseCases */,
				9460488C2479C4EF0075EFE3 /* Http */,
				94821A38246D8AD80002226E /* Info.plist */,
			);
			path = Data;
			sourceTree = "<group>";
		};
		94821A41246D8AD80002226E /* DataTests */ = {
			isa = PBXGroup;
			children = (
				94E8B4FD247F16C500586FA6 /* TestsHelpers */,
				9460488E2479C5390075EFE3 /* TestsUseCases */,
				94E8B4FC247F168B00586FA6 /* TestsHttp */,
				94821A44246D8AD80002226E /* Info.plist */,
			);
			path = DataTests;
			sourceTree = "<group>";
		};
		94821A4C246D8B040002226E /* Frameworks */ = {
			isa = PBXGroup;
			children = (
			);
			name = Frameworks;
			sourceTree = "<group>";
		};
		94AE5570248B2DB600E4FA4B /* Presentation */ = {
			isa = PBXGroup;
			children = (
				9447D598248E188000A054D2 /* Validators */,
				9447D594248BF50F00A054D2 /* Presenters */,
				9447D591248BF48D00A054D2 /* Views */,
				94AE5572248B2DB600E4FA4B /* Info.plist */,
			);
			path = Presentation;
			sourceTree = "<group>";
		};
		94AE557B248B2DB600E4FA4B /* PresentationTests */ = {
			isa = PBXGroup;
			children = (
				94CE960E24A6CA6700E4109D /* Helpers */,
				94CE960924A6C81500E4109D /* UseCases */,
				94CE960824A6C7D000E4109D /* Validator */,
				943EF4EB24A6BA2500604970 /* Views */,
				9447D596248BF9CC00A054D2 /* Presenters */,
				94AE557E248B2DB600E4FA4B /* Info.plist */,
			);
			path = PresentationTests;
			sourceTree = "<group>";
		};
		94CE960824A6C7D000E4109D /* Validator */ = {
			isa = PBXGroup;
			children = (
				943EF4F124A6BC2800604970 /* EmailValidatorSpy.swift */,
			);
			path = Validator;
			sourceTree = "<group>";
		};
		94CE960924A6C81500E4109D /* UseCases */ = {
			isa = PBXGroup;
			children = (
				94CE960A24A6C90600E4109D /* AddAccountSpy.swift */,
			);
			path = UseCases;
			sourceTree = "<group>";
		};
		94CE960E24A6CA6700E4109D /* Helpers */ = {
			isa = PBXGroup;
			children = (
				94CE961024A6CA9100E4109D /* TestFactories.swift */,
			);
			path = Helpers;
			sourceTree = "<group>";
		};
		94E8B4EB247C3A7600586FA6 /* Helpers */ = {
			isa = PBXGroup;
			children = (
				94E8B4EC247C3A8600586FA6 /* DataHelper+Extension */,
			);
			path = Helpers;
			sourceTree = "<group>";
		};
		94E8B4EC247C3A8600586FA6 /* DataHelper+Extension */ = {
			isa = PBXGroup;
			children = (
				94E8B4ED247C3AC800586FA6 /* Data+Extensions.swift */,
			);
			path = "DataHelper+Extension";
			sourceTree = "<group>";
		};
		94E8B4FC247F168B00586FA6 /* TestsHttp */ = {
			isa = PBXGroup;
			children = (
				94E8B505247F1A8400586FA6 /* HttpClientSpy.swift */,
			);
			path = TestsHttp;
			sourceTree = "<group>";
		};
		94E8B4FD247F16C500586FA6 /* TestsHelpers */ = {
			isa = PBXGroup;
			children = (
				94E8B4FF247F195200586FA6 /* GenericHelpers */,
				94E8B4FE247F194700586FA6 /* TestExtensionsHelper */,
				94E8B500247F195F00586FA6 /* TestsAccountHelper */,
			);
			path = TestsHelpers;
			sourceTree = "<group>";
		};
		94E8B4FE247F194700586FA6 /* TestExtensionsHelper */ = {
			isa = PBXGroup;
			children = (
				94E8B501247F19C100586FA6 /* Extensions+TestHelper.swift */,
			);
			path = TestExtensionsHelper;
			sourceTree = "<group>";
		};
		94E8B4FF247F195200586FA6 /* GenericHelpers */ = {
			isa = PBXGroup;
			children = (
				94E8B503247F1A1700586FA6 /* GenericHelpers.swift */,
			);
			path = GenericHelpers;
			sourceTree = "<group>";
		};
		94E8B500247F195F00586FA6 /* TestsAccountHelper */ = {
			isa = PBXGroup;
			children = (
				94E8B507247F1B0100586FA6 /* AccountModelFactory.swift */,
			);
			path = TestsAccountHelper;
			sourceTree = "<group>";
		};
		94E8B510247F232000586FA6 /* Infrastructure */ = {
			isa = PBXGroup;
			children = (
				94E8B526247F237100586FA6 /* Helper */,
				94E8B527247F237C00586FA6 /* Http */,
				94E8B512247F232000586FA6 /* Info.plist */,
			);
			path = Infrastructure;
			sourceTree = "<group>";
		};
		94E8B51B247F232000586FA6 /* InfrastructureTests */ = {
			isa = PBXGroup;
			children = (
				94E8B529247F240900586FA6 /* Http */,
				94E8B528247F23F700586FA6 /* TestsUseCases */,
				94E8B51E247F232000586FA6 /* Info.plist */,
			);
			path = InfrastructureTests;
			sourceTree = "<group>";
		};
		94E8B526247F237100586FA6 /* Helper */ = {
			isa = PBXGroup;
			children = (
			);
			path = Helper;
			sourceTree = "<group>";
		};
		94E8B527247F237C00586FA6 /* Http */ = {
			isa = PBXGroup;
			children = (
				94E8B53724803BDF00586FA6 /* AlamofireAdapter.swift */,
			);
			path = Http;
			sourceTree = "<group>";
		};
		94E8B528247F23F700586FA6 /* TestsUseCases */ = {
			isa = PBXGroup;
			children = (
				94E8B51C247F232000586FA6 /* AlamofireAdapterTests.swift */,
			);
			path = TestsUseCases;
			sourceTree = "<group>";
		};
		94E8B529247F240900586FA6 /* Http */ = {
			isa = PBXGroup;
			children = (
				94E8B539248143C100586FA6 /* URLProtocolStub.swift */,
			);
			path = Http;
			sourceTree = "<group>";
		};
/* End PBXGroup section */

/* Begin PBXHeadersBuildPhase section */
		948219DA246D87190002226E /* Headers */ = {
			isa = PBXHeadersBuildPhase;
			buildActionMask = 2147483647;
			files = (
			);
			runOnlyForDeploymentPostprocessing = 0;
		};
		94821A30246D8AD80002226E /* Headers */ = {
			isa = PBXHeadersBuildPhase;
			buildActionMask = 2147483647;
			files = (
			);
			runOnlyForDeploymentPostprocessing = 0;
		};
		94AE556A248B2DB600E4FA4B /* Headers */ = {
			isa = PBXHeadersBuildPhase;
			buildActionMask = 2147483647;
			files = (
			);
			runOnlyForDeploymentPostprocessing = 0;
		};
		94E8B50A247F232000586FA6 /* Headers */ = {
			isa = PBXHeadersBuildPhase;
			buildActionMask = 2147483647;
			files = (
			);
			runOnlyForDeploymentPostprocessing = 0;
		};
/* End PBXHeadersBuildPhase section */

/* Begin PBXNativeTarget section */
		94545A622484842900B3EBC1 /* UseCasesIntegrationTests */ = {
			isa = PBXNativeTarget;
			buildConfigurationList = 94545A6B2484842900B3EBC1 /* Build configuration list for PBXNativeTarget "UseCasesIntegrationTests" */;
			buildPhases = (
				94545A5F2484842900B3EBC1 /* Sources */,
				94545A602484842900B3EBC1 /* Frameworks */,
				94545A612484842900B3EBC1 /* Resources */,
			);
			buildRules = (
			);
			dependencies = (
				94545A6F2484845B00B3EBC1 /* PBXTargetDependency */,
				94545A712484845B00B3EBC1 /* PBXTargetDependency */,
				94545A6A2484842900B3EBC1 /* PBXTargetDependency */,
			);
			name = UseCasesIntegrationTests;
			productName = UseCasesIntegrationTests;
			productReference = 94545A632484842900B3EBC1 /* UseCasesIntegrationTests.xctest */;
			productType = "com.apple.product-type.bundle.unit-test";
		};
		948219DE246D87190002226E /* Domain */ = {
			isa = PBXNativeTarget;
			buildConfigurationList = 948219E4246D87190002226E /* Build configuration list for PBXNativeTarget "Domain" */;
			buildPhases = (
				948219DA246D87190002226E /* Headers */,
				948219DB246D87190002226E /* Sources */,
				948219DC246D87190002226E /* Frameworks */,
				948219DD246D87190002226E /* Resources */,
			);
			buildRules = (
			);
			dependencies = (
			);
			name = Domain;
			productName = Domain;
			productReference = 948219DF246D87190002226E /* Domain.framework */;
			productType = "com.apple.product-type.framework";
		};
		94821A34246D8AD80002226E /* Data */ = {
			isa = PBXNativeTarget;
			buildConfigurationList = 94821A4A246D8AD80002226E /* Build configuration list for PBXNativeTarget "Data" */;
			buildPhases = (
				94821A30246D8AD80002226E /* Headers */,
				94821A31246D8AD80002226E /* Sources */,
				94821A32246D8AD80002226E /* Frameworks */,
				94821A33246D8AD80002226E /* Resources */,
				94821A51246D8B040002226E /* Embed Frameworks */,
			);
			buildRules = (
			);
			dependencies = (
				94821A50246D8B040002226E /* PBXTargetDependency */,
			);
			name = Data;
			productName = Data;
			productReference = 94821A35246D8AD80002226E /* Data.framework */;
			productType = "com.apple.product-type.framework";
		};
		94821A3C246D8AD80002226E /* DataTests */ = {
			isa = PBXNativeTarget;
			buildConfigurationList = 94821A4B246D8AD80002226E /* Build configuration list for PBXNativeTarget "DataTests" */;
			buildPhases = (
				94821A39246D8AD80002226E /* Sources */,
				94821A3A246D8AD80002226E /* Frameworks */,
				94821A3B246D8AD80002226E /* Resources */,
			);
			buildRules = (
			);
			dependencies = (
				94821A40246D8AD80002226E /* PBXTargetDependency */,
			);
			name = DataTests;
			productName = DataTests;
			productReference = 94821A3D246D8AD80002226E /* DataTests.xctest */;
			productType = "com.apple.product-type.bundle.unit-test";
		};
		94AE556E248B2DB600E4FA4B /* Presentation */ = {
			isa = PBXNativeTarget;
			buildConfigurationList = 94AE5584248B2DB600E4FA4B /* Build configuration list for PBXNativeTarget "Presentation" */;
			buildPhases = (
				94AE556A248B2DB600E4FA4B /* Headers */,
				94AE556B248B2DB600E4FA4B /* Sources */,
				94AE556C248B2DB600E4FA4B /* Frameworks */,
				94AE556D248B2DB600E4FA4B /* Resources */,
				9447D589248BF35800A054D2 /* Embed Frameworks */,
			);
			buildRules = (
			);
			dependencies = (
				9447D588248BF35800A054D2 /* PBXTargetDependency */,
			);
			name = Presentation;
			productName = Presentation;
			productReference = 94AE556F248B2DB600E4FA4B /* Presentation.framework */;
			productType = "com.apple.product-type.framework";
		};
		94AE5576248B2DB600E4FA4B /* PresentationTests */ = {
			isa = PBXNativeTarget;
			buildConfigurationList = 94AE5585248B2DB600E4FA4B /* Build configuration list for PBXNativeTarget "PresentationTests" */;
			buildPhases = (
				94AE5573248B2DB600E4FA4B /* Sources */,
				94AE5574248B2DB600E4FA4B /* Frameworks */,
				94AE5575248B2DB600E4FA4B /* Resources */,
			);
			buildRules = (
			);
			dependencies = (
				94AE557A248B2DB600E4FA4B /* PBXTargetDependency */,
			);
			name = PresentationTests;
			productName = PresentationTests;
			productReference = 94AE5577248B2DB600E4FA4B /* PresentationTests.xctest */;
			productType = "com.apple.product-type.bundle.unit-test";
		};
		94E8B50E247F232000586FA6 /* Infrastructure */ = {
			isa = PBXNativeTarget;
			buildConfigurationList = 94E8B520247F232000586FA6 /* Build configuration list for PBXNativeTarget "Infrastructure" */;
			buildPhases = (
				94E8B50A247F232000586FA6 /* Headers */,
				94E8B50B247F232000586FA6 /* Sources */,
				94E8B50C247F232000586FA6 /* Frameworks */,
				94E8B50D247F232000586FA6 /* Resources */,
				94E8B52E247F265000586FA6 /* Embed Frameworks */,
			);
			buildRules = (
			);
			dependencies = (
				94E8B52D247F265000586FA6 /* PBXTargetDependency */,
			);
			name = Infrastructure;
			packageProductDependencies = (
				94E8B534247F288F00586FA6 /* Alamofire */,
			);
			productName = Infrastructure;
			productReference = 94E8B50F247F232000586FA6 /* Infrastructure.framework */;
			productType = "com.apple.product-type.framework";
		};
		94E8B516247F232000586FA6 /* InfrastructureTests */ = {
			isa = PBXNativeTarget;
			buildConfigurationList = 94E8B523247F232000586FA6 /* Build configuration list for PBXNativeTarget "InfrastructureTests" */;
			buildPhases = (
				94E8B513247F232000586FA6 /* Sources */,
				94E8B514247F232000586FA6 /* Frameworks */,
				94E8B515247F232000586FA6 /* Resources */,
			);
			buildRules = (
			);
			dependencies = (
				94E8B51A247F232000586FA6 /* PBXTargetDependency */,
			);
			name = InfrastructureTests;
			productName = InfrastructureTests;
			productReference = 94E8B517247F232000586FA6 /* InfrastructureTests.xctest */;
			productType = "com.apple.product-type.bundle.unit-test";
		};
/* End PBXNativeTarget section */

/* Begin PBXProject section */
		948219C6246D86660002226E /* Project object */ = {
			isa = PBXProject;
			attributes = {
				LastSwiftUpdateCheck = 1150;
				LastUpgradeCheck = 1140;
				ORGANIZATIONNAME = "Matheus Lima Gomes";
				TargetAttributes = {
					94545A622484842900B3EBC1 = {
						CreatedOnToolsVersion = 11.5;
					};
					948219DE246D87190002226E = {
						CreatedOnToolsVersion = 11.4.1;
						LastSwiftMigration = 1140;
					};
					94821A34246D8AD80002226E = {
						CreatedOnToolsVersion = 11.4.1;
						LastSwiftMigration = 1150;
					};
					94821A3C246D8AD80002226E = {
						CreatedOnToolsVersion = 11.4.1;
						LastSwiftMigration = 1140;
					};
					94AE556E248B2DB600E4FA4B = {
						CreatedOnToolsVersion = 11.5;
						LastSwiftMigration = 1150;
					};
					94AE5576248B2DB600E4FA4B = {
						CreatedOnToolsVersion = 11.5;
					};
					94E8B50E247F232000586FA6 = {
						CreatedOnToolsVersion = 11.5;
						LastSwiftMigration = 1150;
					};
					94E8B516247F232000586FA6 = {
						CreatedOnToolsVersion = 11.5;
					};
				};
			};
			buildConfigurationList = 948219C9246D86660002226E /* Build configuration list for PBXProject "cleanApp" */;
			compatibilityVersion = "Xcode 9.3";
			developmentRegion = en;
			hasScannedForEncodings = 0;
			knownRegions = (
				en,
				Base,
			);
			mainGroup = 948219C5246D86660002226E;
			packageReferences = (
				94E8B533247F288F00586FA6 /* XCRemoteSwiftPackageReference "Alamofire" */,
			);
			productRefGroup = 948219D0246D86660002226E /* Products */;
			projectDirPath = "";
			projectRoot = "";
			targets = (
				948219DE246D87190002226E /* Domain */,
				94821A34246D8AD80002226E /* Data */,
				94821A3C246D8AD80002226E /* DataTests */,
				94E8B50E247F232000586FA6 /* Infrastructure */,
				94E8B516247F232000586FA6 /* InfrastructureTests */,
				94545A622484842900B3EBC1 /* UseCasesIntegrationTests */,
				94AE556E248B2DB600E4FA4B /* Presentation */,
				94AE5576248B2DB600E4FA4B /* PresentationTests */,
			);
		};
/* End PBXProject section */

/* Begin PBXResourcesBuildPhase section */
		94545A612484842900B3EBC1 /* Resources */ = {
			isa = PBXResourcesBuildPhase;
			buildActionMask = 2147483647;
			files = (
			);
			runOnlyForDeploymentPostprocessing = 0;
		};
		948219DD246D87190002226E /* Resources */ = {
			isa = PBXResourcesBuildPhase;
			buildActionMask = 2147483647;
			files = (
			);
			runOnlyForDeploymentPostprocessing = 0;
		};
		94821A33246D8AD80002226E /* Resources */ = {
			isa = PBXResourcesBuildPhase;
			buildActionMask = 2147483647;
			files = (
			);
			runOnlyForDeploymentPostprocessing = 0;
		};
		94821A3B246D8AD80002226E /* Resources */ = {
			isa = PBXResourcesBuildPhase;
			buildActionMask = 2147483647;
			files = (
			);
			runOnlyForDeploymentPostprocessing = 0;
		};
		94AE556D248B2DB600E4FA4B /* Resources */ = {
			isa = PBXResourcesBuildPhase;
			buildActionMask = 2147483647;
			files = (
			);
			runOnlyForDeploymentPostprocessing = 0;
		};
		94AE5575248B2DB600E4FA4B /* Resources */ = {
			isa = PBXResourcesBuildPhase;
			buildActionMask = 2147483647;
			files = (
			);
			runOnlyForDeploymentPostprocessing = 0;
		};
		94E8B50D247F232000586FA6 /* Resources */ = {
			isa = PBXResourcesBuildPhase;
			buildActionMask = 2147483647;
			files = (
			);
			runOnlyForDeploymentPostprocessing = 0;
		};
		94E8B515247F232000586FA6 /* Resources */ = {
			isa = PBXResourcesBuildPhase;
			buildActionMask = 2147483647;
			files = (
			);
			runOnlyForDeploymentPostprocessing = 0;
		};
/* End PBXResourcesBuildPhase section */

/* Begin PBXSourcesBuildPhase section */
		94545A5F2484842900B3EBC1 /* Sources */ = {
			isa = PBXSourcesBuildPhase;
			buildActionMask = 2147483647;
			files = (
				94545A662484842900B3EBC1 /* AddAccountIntegrationTests.swift in Sources */,
			);
			runOnlyForDeploymentPostprocessing = 0;
		};
		948219DB246D87190002226E /* Sources */ = {
			isa = PBXSourcesBuildPhase;
			buildActionMask = 2147483647;
			files = (
				946048832479C1AA0075EFE3 /* Model.swift in Sources */,
				948219E8246D87B90002226E /* AddAccount.swift in Sources */,
				946048962479CBF00075EFE3 /* DomainError.swift in Sources */,
				948219EA246D89450002226E /* AccountModel.swift in Sources */,
			);
			runOnlyForDeploymentPostprocessing = 0;
		};
		94821A31246D8AD80002226E /* Sources */ = {
			isa = PBXSourcesBuildPhase;
			buildActionMask = 2147483647;
			files = (
				946048892479C4040075EFE3 /* HttpPostClient.swift in Sources */,
				94E8B4EE247C3AC800586FA6 /* Data+Extensions.swift in Sources */,
				946048992479CFD20075EFE3 /* HttpErrors.swift in Sources */,
				946048852479C3290075EFE3 /* RemoteAddAccount.swift in Sources */,
			);
			runOnlyForDeploymentPostprocessing = 0;
		};
		94821A39246D8AD80002226E /* Sources */ = {
			isa = PBXSourcesBuildPhase;
			buildActionMask = 2147483647;
			files = (
				94545A722484851E00B3EBC1 /* AddAccountIntegrationTests.swift in Sources */,
				942F42BB2476105F003FD0B1 /* RemoteAddAccountTest.swift in Sources */,
				94E8B506247F1A8400586FA6 /* HttpClientSpy.swift in Sources */,
				94E8B504247F1A1700586FA6 /* GenericHelpers.swift in Sources */,
				94E8B502247F19C100586FA6 /* Extensions+TestHelper.swift in Sources */,
				94E8B508247F1B0100586FA6 /* AccountModelFactory.swift in Sources */,
			);
			runOnlyForDeploymentPostprocessing = 0;
		};
		94AE556B248B2DB600E4FA4B /* Sources */ = {
			isa = PBXSourcesBuildPhase;
			buildActionMask = 2147483647;
			files = (
				943EF4F324A6BD0800604970 /* SignUpPresenter.swift in Sources */,
				9447D59A248E18BF00A054D2 /* EmailValidators.swift in Sources */,
				942CF687249EED580048AA03 /* LoadingView.swift in Sources */,
				943EF4EA24A6B47B00604970 /* SignupMapper.swift in Sources */,
				943EF4E724A6B3E200604970 /* SignUpViewModel.swift in Sources */,
				9447D593248BF49A00A054D2 /* AlertView.swift in Sources */,
			);
			runOnlyForDeploymentPostprocessing = 0;
		};
		94AE5573248B2DB600E4FA4B /* Sources */ = {
			isa = PBXSourcesBuildPhase;
			buildActionMask = 2147483647;
			files = (
				94CE960B24A6C90600E4109D /* AddAccountSpy.swift in Sources */,
				94CE960D24A6C9AC00E4109D /* LoadingViewSpy.swift in Sources */,
				943EF4F824A6BE6E00604970 /* EmailValidators.swift in Sources */,
				943EF4EE24A6BA7200604970 /* AlertView.swift in Sources */,
				943EF4F224A6BC2800604970 /* EmailValidatorSpy.swift in Sources */,
				943EF4F724A6BE5E00604970 /* SignUpViewModel.swift in Sources */,
				943EF4F624A6BE5000604970 /* SignupMapper.swift in Sources */,
				943EF4ED24A6BA3C00604970 /* AlertViewSpy.swift in Sources */,
				9447D5A22495480300A054D2 /* AccountModelFactory.swift in Sources */,
				943EF4F424A6BE0400604970 /* SignUpPresenter.swift in Sources */,
				943EF4F524A6BE4200604970 /* LoadingView.swift in Sources */,
				94AE557D248B2DB600E4FA4B /* SignupPresenterTests.swift in Sources */,
				94CE961124A6CA9100E4109D /* TestFactories.swift in Sources */,
				942CF685249EE9920048AA03 /* Extensions+TestHelper.swift in Sources */,
			);
			runOnlyForDeploymentPostprocessing = 0;
		};
		94E8B50B247F232000586FA6 /* Sources */ = {
			isa = PBXSourcesBuildPhase;
			buildActionMask = 2147483647;
			files = (
				94E8B53824803BDF00586FA6 /* AlamofireAdapter.swift in Sources */,
			);
			runOnlyForDeploymentPostprocessing = 0;
		};
		94E8B513247F232000586FA6 /* Sources */ = {
			isa = PBXSourcesBuildPhase;
			buildActionMask = 2147483647;
			files = (
				94E8B51D247F232000586FA6 /* AlamofireAdapterTests.swift in Sources */,
				94E8B53A248143C100586FA6 /* URLProtocolStub.swift in Sources */,
				94E8B52F247F268700586FA6 /* GenericHelpers.swift in Sources */,
				94E8B532247F269F00586FA6 /* HttpClientSpy.swift in Sources */,
				94E8B530247F268F00586FA6 /* Extensions+TestHelper.swift in Sources */,
			);
			runOnlyForDeploymentPostprocessing = 0;
		};
/* End PBXSourcesBuildPhase section */

/* Begin PBXTargetDependency section */
		9447D588248BF35800A054D2 /* PBXTargetDependency */ = {
			isa = PBXTargetDependency;
			target = 948219DE246D87190002226E /* Domain */;
			targetProxy = 9447D587248BF35800A054D2 /* PBXContainerItemProxy */;
		};
		94545A6A2484842900B3EBC1 /* PBXTargetDependency */ = {
			isa = PBXTargetDependency;
			target = 94821A34246D8AD80002226E /* Data */;
			targetProxy = 94545A692484842900B3EBC1 /* PBXContainerItemProxy */;
		};
		94545A6F2484845B00B3EBC1 /* PBXTargetDependency */ = {
			isa = PBXTargetDependency;
			target = 948219DE246D87190002226E /* Domain */;
			targetProxy = 94545A6E2484845B00B3EBC1 /* PBXContainerItemProxy */;
		};
		94545A712484845B00B3EBC1 /* PBXTargetDependency */ = {
			isa = PBXTargetDependency;
			target = 94E8B50E247F232000586FA6 /* Infrastructure */;
			targetProxy = 94545A702484845B00B3EBC1 /* PBXContainerItemProxy */;
		};
		94821A40246D8AD80002226E /* PBXTargetDependency */ = {
			isa = PBXTargetDependency;
			target = 94821A34246D8AD80002226E /* Data */;
			targetProxy = 94821A3F246D8AD80002226E /* PBXContainerItemProxy */;
		};
		94821A50246D8B040002226E /* PBXTargetDependency */ = {
			isa = PBXTargetDependency;
			target = 948219DE246D87190002226E /* Domain */;
			targetProxy = 94821A4F246D8B040002226E /* PBXContainerItemProxy */;
		};
		94AE557A248B2DB600E4FA4B /* PBXTargetDependency */ = {
			isa = PBXTargetDependency;
			target = 94AE556E248B2DB600E4FA4B /* Presentation */;
			targetProxy = 94AE5579248B2DB600E4FA4B /* PBXContainerItemProxy */;
		};
		94E8B51A247F232000586FA6 /* PBXTargetDependency */ = {
			isa = PBXTargetDependency;
			target = 94E8B50E247F232000586FA6 /* Infrastructure */;
			targetProxy = 94E8B519247F232000586FA6 /* PBXContainerItemProxy */;
		};
		94E8B52D247F265000586FA6 /* PBXTargetDependency */ = {
			isa = PBXTargetDependency;
			target = 94821A34246D8AD80002226E /* Data */;
			targetProxy = 94E8B52C247F265000586FA6 /* PBXContainerItemProxy */;
		};
/* End PBXTargetDependency section */

/* Begin XCBuildConfiguration section */
		94545A6C2484842900B3EBC1 /* Debug */ = {
			isa = XCBuildConfiguration;
			buildSettings = {
				CODE_SIGN_STYLE = Automatic;
				COMBINE_HIDPI_IMAGES = YES;
				DEVELOPMENT_TEAM = U2RRJBJ9M2;
				INFOPLIST_FILE = UseCasesIntegrationTests/Info.plist;
				LD_RUNPATH_SEARCH_PATHS = (
					"$(inherited)",
					"@executable_path/../Frameworks",
					"@loader_path/../Frameworks",
				);
				MACOSX_DEPLOYMENT_TARGET = 10.15;
				PRODUCT_BUNDLE_IDENTIFIER = "matheus-lima-gomes.UseCasesIntegrationTests";
				PRODUCT_NAME = "$(TARGET_NAME)";
				SDKROOT = macosx;
				SWIFT_VERSION = 5.0;
			};
			name = Debug;
		};
		94545A6D2484842900B3EBC1 /* Release */ = {
			isa = XCBuildConfiguration;
			buildSettings = {
				CODE_SIGN_STYLE = Automatic;
				COMBINE_HIDPI_IMAGES = YES;
				DEVELOPMENT_TEAM = U2RRJBJ9M2;
				INFOPLIST_FILE = UseCasesIntegrationTests/Info.plist;
				LD_RUNPATH_SEARCH_PATHS = (
					"$(inherited)",
					"@executable_path/../Frameworks",
					"@loader_path/../Frameworks",
				);
				MACOSX_DEPLOYMENT_TARGET = 10.15;
				PRODUCT_BUNDLE_IDENTIFIER = "matheus-lima-gomes.UseCasesIntegrationTests";
				PRODUCT_NAME = "$(TARGET_NAME)";
				SDKROOT = macosx;
				SWIFT_VERSION = 5.0;
			};
			name = Release;
		};
		948219D5246D86660002226E /* Debug */ = {
			isa = XCBuildConfiguration;
			buildSettings = {
				ALWAYS_SEARCH_USER_PATHS = NO;
				CLANG_ANALYZER_NONNULL = YES;
				CLANG_ANALYZER_NUMBER_OBJECT_CONVERSION = YES_AGGRESSIVE;
				CLANG_CXX_LANGUAGE_STANDARD = "gnu++14";
				CLANG_CXX_LIBRARY = "libc++";
				CLANG_ENABLE_MODULES = YES;
				CLANG_ENABLE_OBJC_ARC = YES;
				CLANG_ENABLE_OBJC_WEAK = YES;
				CLANG_WARN_BLOCK_CAPTURE_AUTORELEASING = YES;
				CLANG_WARN_BOOL_CONVERSION = YES;
				CLANG_WARN_COMMA = YES;
				CLANG_WARN_CONSTANT_CONVERSION = YES;
				CLANG_WARN_DEPRECATED_OBJC_IMPLEMENTATIONS = YES;
				CLANG_WARN_DIRECT_OBJC_ISA_USAGE = YES_ERROR;
				CLANG_WARN_DOCUMENTATION_COMMENTS = YES;
				CLANG_WARN_EMPTY_BODY = YES;
				CLANG_WARN_ENUM_CONVERSION = YES;
				CLANG_WARN_INFINITE_RECURSION = YES;
				CLANG_WARN_INT_CONVERSION = YES;
				CLANG_WARN_NON_LITERAL_NULL_CONVERSION = YES;
				CLANG_WARN_OBJC_IMPLICIT_RETAIN_SELF = YES;
				CLANG_WARN_OBJC_LITERAL_CONVERSION = YES;
				CLANG_WARN_OBJC_ROOT_CLASS = YES_ERROR;
				CLANG_WARN_RANGE_LOOP_ANALYSIS = YES;
				CLANG_WARN_STRICT_PROTOTYPES = YES;
				CLANG_WARN_SUSPICIOUS_MOVE = YES;
				CLANG_WARN_UNGUARDED_AVAILABILITY = YES_AGGRESSIVE;
				CLANG_WARN_UNREACHABLE_CODE = YES;
				CLANG_WARN__DUPLICATE_METHOD_MATCH = YES;
				COPY_PHASE_STRIP = NO;
				CURRENT_PROJECT_VERSION = 1;
				DEBUG_INFORMATION_FORMAT = dwarf;
				ENABLE_STRICT_OBJC_MSGSEND = YES;
				ENABLE_TESTABILITY = YES;
				GCC_C_LANGUAGE_STANDARD = gnu11;
				GCC_DYNAMIC_NO_PIC = NO;
				GCC_NO_COMMON_BLOCKS = YES;
				GCC_OPTIMIZATION_LEVEL = 0;
				GCC_PREPROCESSOR_DEFINITIONS = (
					"DEBUG=1",
					"$(inherited)",
				);
				GCC_WARN_64_TO_32_BIT_CONVERSION = YES;
				GCC_WARN_ABOUT_RETURN_TYPE = YES_ERROR;
				GCC_WARN_UNDECLARED_SELECTOR = YES;
				GCC_WARN_UNINITIALIZED_AUTOS = YES_AGGRESSIVE;
				GCC_WARN_UNUSED_FUNCTION = YES;
				GCC_WARN_UNUSED_VARIABLE = YES;
				IPHONEOS_DEPLOYMENT_TARGET = 13.4;
				MTL_ENABLE_DEBUG_INFO = INCLUDE_SOURCE;
				MTL_FAST_MATH = YES;
				ONLY_ACTIVE_ARCH = YES;
				SDKROOT = iphoneos;
				SWIFT_ACTIVE_COMPILATION_CONDITIONS = DEBUG;
				SWIFT_OPTIMIZATION_LEVEL = "-Onone";
				VERSIONING_SYSTEM = "apple-generic";
				VERSION_INFO_PREFIX = "";
			};
			name = Debug;
		};
		948219D6246D86660002226E /* Release */ = {
			isa = XCBuildConfiguration;
			buildSettings = {
				ALWAYS_SEARCH_USER_PATHS = NO;
				CLANG_ANALYZER_NONNULL = YES;
				CLANG_ANALYZER_NUMBER_OBJECT_CONVERSION = YES_AGGRESSIVE;
				CLANG_CXX_LANGUAGE_STANDARD = "gnu++14";
				CLANG_CXX_LIBRARY = "libc++";
				CLANG_ENABLE_MODULES = YES;
				CLANG_ENABLE_OBJC_ARC = YES;
				CLANG_ENABLE_OBJC_WEAK = YES;
				CLANG_WARN_BLOCK_CAPTURE_AUTORELEASING = YES;
				CLANG_WARN_BOOL_CONVERSION = YES;
				CLANG_WARN_COMMA = YES;
				CLANG_WARN_CONSTANT_CONVERSION = YES;
				CLANG_WARN_DEPRECATED_OBJC_IMPLEMENTATIONS = YES;
				CLANG_WARN_DIRECT_OBJC_ISA_USAGE = YES_ERROR;
				CLANG_WARN_DOCUMENTATION_COMMENTS = YES;
				CLANG_WARN_EMPTY_BODY = YES;
				CLANG_WARN_ENUM_CONVERSION = YES;
				CLANG_WARN_INFINITE_RECURSION = YES;
				CLANG_WARN_INT_CONVERSION = YES;
				CLANG_WARN_NON_LITERAL_NULL_CONVERSION = YES;
				CLANG_WARN_OBJC_IMPLICIT_RETAIN_SELF = YES;
				CLANG_WARN_OBJC_LITERAL_CONVERSION = YES;
				CLANG_WARN_OBJC_ROOT_CLASS = YES_ERROR;
				CLANG_WARN_RANGE_LOOP_ANALYSIS = YES;
				CLANG_WARN_STRICT_PROTOTYPES = YES;
				CLANG_WARN_SUSPICIOUS_MOVE = YES;
				CLANG_WARN_UNGUARDED_AVAILABILITY = YES_AGGRESSIVE;
				CLANG_WARN_UNREACHABLE_CODE = YES;
				CLANG_WARN__DUPLICATE_METHOD_MATCH = YES;
				COPY_PHASE_STRIP = NO;
				CURRENT_PROJECT_VERSION = 1;
				DEBUG_INFORMATION_FORMAT = "dwarf-with-dsym";
				ENABLE_NS_ASSERTIONS = NO;
				ENABLE_STRICT_OBJC_MSGSEND = YES;
				GCC_C_LANGUAGE_STANDARD = gnu11;
				GCC_NO_COMMON_BLOCKS = YES;
				GCC_WARN_64_TO_32_BIT_CONVERSION = YES;
				GCC_WARN_ABOUT_RETURN_TYPE = YES_ERROR;
				GCC_WARN_UNDECLARED_SELECTOR = YES;
				GCC_WARN_UNINITIALIZED_AUTOS = YES_AGGRESSIVE;
				GCC_WARN_UNUSED_FUNCTION = YES;
				GCC_WARN_UNUSED_VARIABLE = YES;
				IPHONEOS_DEPLOYMENT_TARGET = 13.4;
				MTL_ENABLE_DEBUG_INFO = NO;
				MTL_FAST_MATH = YES;
				SDKROOT = iphoneos;
				SWIFT_COMPILATION_MODE = wholemodule;
				SWIFT_OPTIMIZATION_LEVEL = "-O";
				VALIDATE_PRODUCT = YES;
				VERSIONING_SYSTEM = "apple-generic";
				VERSION_INFO_PREFIX = "";
			};
			name = Release;
		};
		948219E5246D87190002226E /* Debug */ = {
			isa = XCBuildConfiguration;
			buildSettings = {
				CLANG_ENABLE_MODULES = YES;
				CODE_SIGN_STYLE = Automatic;
				COMBINE_HIDPI_IMAGES = YES;
				DEFINES_MODULE = YES;
				DEVELOPMENT_TEAM = U2RRJBJ9M2;
				DYLIB_COMPATIBILITY_VERSION = 1;
				DYLIB_CURRENT_VERSION = 1;
				DYLIB_INSTALL_NAME_BASE = "@rpath";
				INFOPLIST_FILE = Domain/Info.plist;
				INSTALL_PATH = "$(LOCAL_LIBRARY_DIR)/Frameworks";
				LD_RUNPATH_SEARCH_PATHS = (
					"$(inherited)",
					"@executable_path/../Frameworks",
					"@loader_path/Frameworks",
				);
				MACOSX_DEPLOYMENT_TARGET = 10.15;
				PRODUCT_BUNDLE_IDENTIFIER = "matheus-lima-gomes.Domain";
				PRODUCT_NAME = "$(TARGET_NAME:c99extidentifier)";
				SDKROOT = macosx;
				SKIP_INSTALL = YES;
				SWIFT_OPTIMIZATION_LEVEL = "-Onone";
				SWIFT_VERSION = 5.0;
			};
			name = Debug;
		};
		948219E6246D87190002226E /* Release */ = {
			isa = XCBuildConfiguration;
			buildSettings = {
				CLANG_ENABLE_MODULES = YES;
				CODE_SIGN_STYLE = Automatic;
				COMBINE_HIDPI_IMAGES = YES;
				DEFINES_MODULE = YES;
				DEVELOPMENT_TEAM = U2RRJBJ9M2;
				DYLIB_COMPATIBILITY_VERSION = 1;
				DYLIB_CURRENT_VERSION = 1;
				DYLIB_INSTALL_NAME_BASE = "@rpath";
				INFOPLIST_FILE = Domain/Info.plist;
				INSTALL_PATH = "$(LOCAL_LIBRARY_DIR)/Frameworks";
				LD_RUNPATH_SEARCH_PATHS = (
					"$(inherited)",
					"@executable_path/../Frameworks",
					"@loader_path/Frameworks",
				);
				MACOSX_DEPLOYMENT_TARGET = 10.15;
				PRODUCT_BUNDLE_IDENTIFIER = "matheus-lima-gomes.Domain";
				PRODUCT_NAME = "$(TARGET_NAME:c99extidentifier)";
				SDKROOT = macosx;
				SKIP_INSTALL = YES;
				SWIFT_VERSION = 5.0;
			};
			name = Release;
		};
		94821A46246D8AD80002226E /* Debug */ = {
			isa = XCBuildConfiguration;
			buildSettings = {
				CLANG_ENABLE_MODULES = YES;
				CODE_SIGN_STYLE = Automatic;
				COMBINE_HIDPI_IMAGES = YES;
				DEFINES_MODULE = YES;
				DEVELOPMENT_TEAM = U2RRJBJ9M2;
				DYLIB_COMPATIBILITY_VERSION = 1;
				DYLIB_CURRENT_VERSION = 1;
				DYLIB_INSTALL_NAME_BASE = "@rpath";
				INFOPLIST_FILE = Data/Info.plist;
				INSTALL_PATH = "$(LOCAL_LIBRARY_DIR)/Frameworks";
				LD_RUNPATH_SEARCH_PATHS = (
					"$(inherited)",
					"@executable_path/../Frameworks",
					"@loader_path/Frameworks",
				);
				MACOSX_DEPLOYMENT_TARGET = 10.15;
				PRODUCT_BUNDLE_IDENTIFIER = "matheus-lima-gomes.Data";
				PRODUCT_NAME = "$(TARGET_NAME:c99extidentifier)";
				SDKROOT = macosx;
				SKIP_INSTALL = YES;
				SWIFT_OPTIMIZATION_LEVEL = "-Onone";
				SWIFT_VERSION = 5.0;
			};
			name = Debug;
		};
		94821A47246D8AD80002226E /* Release */ = {
			isa = XCBuildConfiguration;
			buildSettings = {
				CLANG_ENABLE_MODULES = YES;
				CODE_SIGN_STYLE = Automatic;
				COMBINE_HIDPI_IMAGES = YES;
				DEFINES_MODULE = YES;
				DEVELOPMENT_TEAM = U2RRJBJ9M2;
				DYLIB_COMPATIBILITY_VERSION = 1;
				DYLIB_CURRENT_VERSION = 1;
				DYLIB_INSTALL_NAME_BASE = "@rpath";
				INFOPLIST_FILE = Data/Info.plist;
				INSTALL_PATH = "$(LOCAL_LIBRARY_DIR)/Frameworks";
				LD_RUNPATH_SEARCH_PATHS = (
					"$(inherited)",
					"@executable_path/../Frameworks",
					"@loader_path/Frameworks",
				);
				MACOSX_DEPLOYMENT_TARGET = 10.15;
				PRODUCT_BUNDLE_IDENTIFIER = "matheus-lima-gomes.Data";
				PRODUCT_NAME = "$(TARGET_NAME:c99extidentifier)";
				SDKROOT = macosx;
				SKIP_INSTALL = YES;
				SWIFT_VERSION = 5.0;
			};
			name = Release;
		};
		94821A48246D8AD80002226E /* Debug */ = {
			isa = XCBuildConfiguration;
			buildSettings = {
				ALWAYS_EMBED_SWIFT_STANDARD_LIBRARIES = YES;
				CLANG_ENABLE_MODULES = YES;
				CODE_SIGN_STYLE = Automatic;
				COMBINE_HIDPI_IMAGES = YES;
				DEVELOPMENT_TEAM = U2RRJBJ9M2;
				INFOPLIST_FILE = DataTests/Info.plist;
				LD_RUNPATH_SEARCH_PATHS = (
					"$(inherited)",
					"@executable_path/../Frameworks",
					"@loader_path/../Frameworks",
				);
				MACOSX_DEPLOYMENT_TARGET = 10.15;
				PRODUCT_BUNDLE_IDENTIFIER = "matheus-lima-gomes.DataTests";
				PRODUCT_NAME = "$(TARGET_NAME)";
				SDKROOT = macosx;
				SWIFT_OPTIMIZATION_LEVEL = "-Onone";
				SWIFT_VERSION = 5.0;
			};
			name = Debug;
		};
		94821A49246D8AD80002226E /* Release */ = {
			isa = XCBuildConfiguration;
			buildSettings = {
				ALWAYS_EMBED_SWIFT_STANDARD_LIBRARIES = YES;
				CLANG_ENABLE_MODULES = YES;
				CODE_SIGN_STYLE = Automatic;
				COMBINE_HIDPI_IMAGES = YES;
				DEVELOPMENT_TEAM = U2RRJBJ9M2;
				INFOPLIST_FILE = DataTests/Info.plist;
				LD_RUNPATH_SEARCH_PATHS = (
					"$(inherited)",
					"@executable_path/../Frameworks",
					"@loader_path/../Frameworks",
				);
				MACOSX_DEPLOYMENT_TARGET = 10.15;
				PRODUCT_BUNDLE_IDENTIFIER = "matheus-lima-gomes.DataTests";
				PRODUCT_NAME = "$(TARGET_NAME)";
				SDKROOT = macosx;
				SWIFT_VERSION = 5.0;
			};
			name = Release;
		};
		94AE5580248B2DB600E4FA4B /* Debug */ = {
			isa = XCBuildConfiguration;
			buildSettings = {
				CLANG_ENABLE_MODULES = YES;
				CODE_SIGN_STYLE = Automatic;
				COMBINE_HIDPI_IMAGES = YES;
				DEFINES_MODULE = YES;
				DEVELOPMENT_TEAM = U2RRJBJ9M2;
				DYLIB_COMPATIBILITY_VERSION = 1;
				DYLIB_CURRENT_VERSION = 1;
				DYLIB_INSTALL_NAME_BASE = "@rpath";
				INFOPLIST_FILE = Presentation/Info.plist;
				INSTALL_PATH = "$(LOCAL_LIBRARY_DIR)/Frameworks";
				LD_RUNPATH_SEARCH_PATHS = (
					"$(inherited)",
					"@executable_path/../Frameworks",
					"@loader_path/Frameworks",
				);
				MACOSX_DEPLOYMENT_TARGET = 10.15;
				PRODUCT_BUNDLE_IDENTIFIER = "matheus-lima-gomes.Presentation";
				PRODUCT_NAME = "$(TARGET_NAME:c99extidentifier)";
				SDKROOT = macosx;
				SKIP_INSTALL = YES;
				SWIFT_OPTIMIZATION_LEVEL = "-Onone";
				SWIFT_VERSION = 5.0;
			};
			name = Debug;
		};
		94AE5581248B2DB600E4FA4B /* Release */ = {
			isa = XCBuildConfiguration;
			buildSettings = {
				CLANG_ENABLE_MODULES = YES;
				CODE_SIGN_STYLE = Automatic;
				COMBINE_HIDPI_IMAGES = YES;
				DEFINES_MODULE = YES;
				DEVELOPMENT_TEAM = U2RRJBJ9M2;
				DYLIB_COMPATIBILITY_VERSION = 1;
				DYLIB_CURRENT_VERSION = 1;
				DYLIB_INSTALL_NAME_BASE = "@rpath";
				INFOPLIST_FILE = Presentation/Info.plist;
				INSTALL_PATH = "$(LOCAL_LIBRARY_DIR)/Frameworks";
				LD_RUNPATH_SEARCH_PATHS = (
					"$(inherited)",
					"@executable_path/../Frameworks",
					"@loader_path/Frameworks",
				);
				MACOSX_DEPLOYMENT_TARGET = 10.15;
				PRODUCT_BUNDLE_IDENTIFIER = "matheus-lima-gomes.Presentation";
				PRODUCT_NAME = "$(TARGET_NAME:c99extidentifier)";
				SDKROOT = macosx;
				SKIP_INSTALL = YES;
				SWIFT_VERSION = 5.0;
			};
			name = Release;
		};
		94AE5582248B2DB600E4FA4B /* Debug */ = {
			isa = XCBuildConfiguration;
			buildSettings = {
				ALWAYS_EMBED_SWIFT_STANDARD_LIBRARIES = YES;
				CODE_SIGN_STYLE = Automatic;
				COMBINE_HIDPI_IMAGES = YES;
				DEVELOPMENT_TEAM = U2RRJBJ9M2;
				INFOPLIST_FILE = PresentationTests/Info.plist;
				LD_RUNPATH_SEARCH_PATHS = (
					"$(inherited)",
					"@executable_path/../Frameworks",
					"@loader_path/../Frameworks",
				);
				MACOSX_DEPLOYMENT_TARGET = 10.15;
				PRODUCT_BUNDLE_IDENTIFIER = "matheus-lima-gomes.PresentationTests";
				PRODUCT_NAME = "$(TARGET_NAME)";
				SDKROOT = macosx;
				SWIFT_VERSION = 5.0;
			};
			name = Debug;
		};
		94AE5583248B2DB600E4FA4B /* Release */ = {
			isa = XCBuildConfiguration;
			buildSettings = {
				ALWAYS_EMBED_SWIFT_STANDARD_LIBRARIES = YES;
				CODE_SIGN_STYLE = Automatic;
				COMBINE_HIDPI_IMAGES = YES;
				DEVELOPMENT_TEAM = U2RRJBJ9M2;
				INFOPLIST_FILE = PresentationTests/Info.plist;
				LD_RUNPATH_SEARCH_PATHS = (
					"$(inherited)",
					"@executable_path/../Frameworks",
					"@loader_path/../Frameworks",
				);
				MACOSX_DEPLOYMENT_TARGET = 10.15;
				PRODUCT_BUNDLE_IDENTIFIER = "matheus-lima-gomes.PresentationTests";
				PRODUCT_NAME = "$(TARGET_NAME)";
				SDKROOT = macosx;
				SWIFT_VERSION = 5.0;
			};
			name = Release;
		};
		94E8B521247F232000586FA6 /* Debug */ = {
			isa = XCBuildConfiguration;
			buildSettings = {
				CLANG_ENABLE_MODULES = YES;
				CODE_SIGN_STYLE = Automatic;
				COMBINE_HIDPI_IMAGES = YES;
				DEFINES_MODULE = YES;
				DEVELOPMENT_TEAM = U2RRJBJ9M2;
				DYLIB_COMPATIBILITY_VERSION = 1;
				DYLIB_CURRENT_VERSION = 1;
				DYLIB_INSTALL_NAME_BASE = "@rpath";
				INFOPLIST_FILE = Infrastructure/Info.plist;
				INSTALL_PATH = "$(LOCAL_LIBRARY_DIR)/Frameworks";
				LD_RUNPATH_SEARCH_PATHS = (
					"$(inherited)",
					"@executable_path/../Frameworks",
					"@loader_path/Frameworks",
				);
				MACOSX_DEPLOYMENT_TARGET = 10.15;
				PRODUCT_BUNDLE_IDENTIFIER = "matheus-lima-gomes.Infrastructure";
				PRODUCT_NAME = "$(TARGET_NAME:c99extidentifier)";
				SDKROOT = macosx;
				SKIP_INSTALL = YES;
				SWIFT_OPTIMIZATION_LEVEL = "-Onone";
				SWIFT_VERSION = 5.0;
			};
			name = Debug;
		};
		94E8B522247F232000586FA6 /* Release */ = {
			isa = XCBuildConfiguration;
			buildSettings = {
				CLANG_ENABLE_MODULES = YES;
				CODE_SIGN_STYLE = Automatic;
				COMBINE_HIDPI_IMAGES = YES;
				DEFINES_MODULE = YES;
				DEVELOPMENT_TEAM = U2RRJBJ9M2;
				DYLIB_COMPATIBILITY_VERSION = 1;
				DYLIB_CURRENT_VERSION = 1;
				DYLIB_INSTALL_NAME_BASE = "@rpath";
				INFOPLIST_FILE = Infrastructure/Info.plist;
				INSTALL_PATH = "$(LOCAL_LIBRARY_DIR)/Frameworks";
				LD_RUNPATH_SEARCH_PATHS = (
					"$(inherited)",
					"@executable_path/../Frameworks",
					"@loader_path/Frameworks",
				);
				MACOSX_DEPLOYMENT_TARGET = 10.15;
				PRODUCT_BUNDLE_IDENTIFIER = "matheus-lima-gomes.Infrastructure";
				PRODUCT_NAME = "$(TARGET_NAME:c99extidentifier)";
				SDKROOT = macosx;
				SKIP_INSTALL = YES;
				SWIFT_VERSION = 5.0;
			};
			name = Release;
		};
		94E8B524247F232000586FA6 /* Debug */ = {
			isa = XCBuildConfiguration;
			buildSettings = {
				ALWAYS_EMBED_SWIFT_STANDARD_LIBRARIES = YES;
				CODE_SIGN_STYLE = Automatic;
				COMBINE_HIDPI_IMAGES = YES;
				DEVELOPMENT_TEAM = U2RRJBJ9M2;
				INFOPLIST_FILE = InfrastructureTests/Info.plist;
				LD_RUNPATH_SEARCH_PATHS = (
					"$(inherited)",
					"@executable_path/../Frameworks",
					"@loader_path/../Frameworks",
				);
				MACOSX_DEPLOYMENT_TARGET = 10.15;
				PRODUCT_BUNDLE_IDENTIFIER = "matheus-lima-gomes.InfrastructureTests";
				PRODUCT_NAME = "$(TARGET_NAME)";
				SDKROOT = macosx;
				SWIFT_VERSION = 5.0;
			};
			name = Debug;
		};
		94E8B525247F232000586FA6 /* Release */ = {
			isa = XCBuildConfiguration;
			buildSettings = {
				ALWAYS_EMBED_SWIFT_STANDARD_LIBRARIES = YES;
				CODE_SIGN_STYLE = Automatic;
				COMBINE_HIDPI_IMAGES = YES;
				DEVELOPMENT_TEAM = U2RRJBJ9M2;
				INFOPLIST_FILE = InfrastructureTests/Info.plist;
				LD_RUNPATH_SEARCH_PATHS = (
					"$(inherited)",
					"@executable_path/../Frameworks",
					"@loader_path/../Frameworks",
				);
				MACOSX_DEPLOYMENT_TARGET = 10.15;
				PRODUCT_BUNDLE_IDENTIFIER = "matheus-lima-gomes.InfrastructureTests";
				PRODUCT_NAME = "$(TARGET_NAME)";
				SDKROOT = macosx;
				SWIFT_VERSION = 5.0;
			};
			name = Release;
		};
/* End XCBuildConfiguration section */

/* Begin XCConfigurationList section */
		94545A6B2484842900B3EBC1 /* Build configuration list for PBXNativeTarget "UseCasesIntegrationTests" */ = {
			isa = XCConfigurationList;
			buildConfigurations = (
				94545A6C2484842900B3EBC1 /* Debug */,
				94545A6D2484842900B3EBC1 /* Release */,
			);
			defaultConfigurationIsVisible = 0;
			defaultConfigurationName = Release;
		};
		948219C9246D86660002226E /* Build configuration list for PBXProject "cleanApp" */ = {
			isa = XCConfigurationList;
			buildConfigurations = (
				948219D5246D86660002226E /* Debug */,
				948219D6246D86660002226E /* Release */,
			);
			defaultConfigurationIsVisible = 0;
			defaultConfigurationName = Release;
		};
		948219E4246D87190002226E /* Build configuration list for PBXNativeTarget "Domain" */ = {
			isa = XCConfigurationList;
			buildConfigurations = (
				948219E5246D87190002226E /* Debug */,
				948219E6246D87190002226E /* Release */,
			);
			defaultConfigurationIsVisible = 0;
			defaultConfigurationName = Release;
		};
		94821A4A246D8AD80002226E /* Build configuration list for PBXNativeTarget "Data" */ = {
			isa = XCConfigurationList;
			buildConfigurations = (
				94821A46246D8AD80002226E /* Debug */,
				94821A47246D8AD80002226E /* Release */,
			);
			defaultConfigurationIsVisible = 0;
			defaultConfigurationName = Release;
		};
		94821A4B246D8AD80002226E /* Build configuration list for PBXNativeTarget "DataTests" */ = {
			isa = XCConfigurationList;
			buildConfigurations = (
				94821A48246D8AD80002226E /* Debug */,
				94821A49246D8AD80002226E /* Release */,
			);
			defaultConfigurationIsVisible = 0;
			defaultConfigurationName = Release;
		};
		94AE5584248B2DB600E4FA4B /* Build configuration list for PBXNativeTarget "Presentation" */ = {
			isa = XCConfigurationList;
			buildConfigurations = (
				94AE5580248B2DB600E4FA4B /* Debug */,
				94AE5581248B2DB600E4FA4B /* Release */,
			);
			defaultConfigurationIsVisible = 0;
			defaultConfigurationName = Release;
		};
		94AE5585248B2DB600E4FA4B /* Build configuration list for PBXNativeTarget "PresentationTests" */ = {
			isa = XCConfigurationList;
			buildConfigurations = (
				94AE5582248B2DB600E4FA4B /* Debug */,
				94AE5583248B2DB600E4FA4B /* Release */,
			);
			defaultConfigurationIsVisible = 0;
			defaultConfigurationName = Release;
		};
		94E8B520247F232000586FA6 /* Build configuration list for PBXNativeTarget "Infrastructure" */ = {
			isa = XCConfigurationList;
			buildConfigurations = (
				94E8B521247F232000586FA6 /* Debug */,
				94E8B522247F232000586FA6 /* Release */,
			);
			defaultConfigurationIsVisible = 0;
			defaultConfigurationName = Release;
		};
		94E8B523247F232000586FA6 /* Build configuration list for PBXNativeTarget "InfrastructureTests" */ = {
			isa = XCConfigurationList;
			buildConfigurations = (
				94E8B524247F232000586FA6 /* Debug */,
				94E8B525247F232000586FA6 /* Release */,
			);
			defaultConfigurationIsVisible = 0;
			defaultConfigurationName = Release;
		};
/* End XCConfigurationList section */

/* Begin XCRemoteSwiftPackageReference section */
		94E8B533247F288F00586FA6 /* XCRemoteSwiftPackageReference "Alamofire" */ = {
			isa = XCRemoteSwiftPackageReference;
			repositoryURL = "https://github.com/Alamofire/Alamofire.git";
			requirement = {
				kind = upToNextMajorVersion;
				minimumVersion = 5.2.1;
			};
		};
/* End XCRemoteSwiftPackageReference section */

/* Begin XCSwiftPackageProductDependency section */
		94E8B534247F288F00586FA6 /* Alamofire */ = {
			isa = XCSwiftPackageProductDependency;
			package = 94E8B533247F288F00586FA6 /* XCRemoteSwiftPackageReference "Alamofire" */;
			productName = Alamofire;
		};
/* End XCSwiftPackageProductDependency section */
	};
	rootObject = 948219C6246D86660002226E /* Project object */;
}
